// !$*UTF8*$!
{
	archiveVersion = 1;
	classes = {
	};
	objectVersion = 50;
	objects = {

/* Begin PBXBuildFile section */
		6966568D222D4E60005F254E /* AppDelegate.swift in Sources */ = {isa = PBXBuildFile; fileRef = 6966568C222D4E60005F254E /* AppDelegate.swift */; };
		69665692222D4E60005F254E /* Main.storyboard in Resources */ = {isa = PBXBuildFile; fileRef = 69665690222D4E60005F254E /* Main.storyboard */; };
		69665694222D4E63005F254E /* Assets.xcassets in Resources */ = {isa = PBXBuildFile; fileRef = 69665693222D4E63005F254E /* Assets.xcassets */; };
		69665697222D4E63005F254E /* LaunchScreen.storyboard in Resources */ = {isa = PBXBuildFile; fileRef = 69665695222D4E63005F254E /* LaunchScreen.storyboard */; };
		696656A2222D4E63005F254E /* AppstronomyTests.swift in Sources */ = {isa = PBXBuildFile; fileRef = 696656A1222D4E63005F254E /* AppstronomyTests.swift */; };
		696656BD222E8431005F254E /* Rover.swift in Sources */ = {isa = PBXBuildFile; fileRef = 696656BC222E8431005F254E /* Rover.swift */; };
		696656C9222E9ACE005F254E /* RoverPostcardOptionsController.swift in Sources */ = {isa = PBXBuildFile; fileRef = 696656C8222E9ACE005F254E /* RoverPostcardOptionsController.swift */; };
		69789C6C222ECADA00484F06 /* AppstronomyUtils.swift in Sources */ = {isa = PBXBuildFile; fileRef = 69789C6B222ECADA00484F06 /* AppstronomyUtils.swift */; };
		69789C6E222ECB1600484F06 /* UIViewController+Gradient.swift in Sources */ = {isa = PBXBuildFile; fileRef = 69789C6D222ECB1600484F06 /* UIViewController+Gradient.swift */; };
		69789C70222ED47C00484F06 /* NASAEndpoint.swift in Sources */ = {isa = PBXBuildFile; fileRef = 69789C6F222ED47C00484F06 /* NASAEndpoint.swift */; };
		69789C72222EE0C500484F06 /* NASAClient.swift in Sources */ = {isa = PBXBuildFile; fileRef = 69789C71222EE0C500484F06 /* NASAClient.swift */; };
		69789C74222EE0D600484F06 /* APIClient.swift in Sources */ = {isa = PBXBuildFile; fileRef = 69789C73222EE0D600484F06 /* APIClient.swift */; };
		69789C76222F223500484F06 /* RoverPhotoPickerCollectionView.swift in Sources */ = {isa = PBXBuildFile; fileRef = 69789C75222F223500484F06 /* RoverPhotoPickerCollectionView.swift */; };
		69789C78222F289400484F06 /* ImageCollectionViewCell.swift in Sources */ = {isa = PBXBuildFile; fileRef = 69789C77222F289400484F06 /* ImageCollectionViewCell.swift */; };
		69789C7A222F307B00484F06 /* UIViewController+ErrorAlert.swift in Sources */ = {isa = PBXBuildFile; fileRef = 69789C79222F307B00484F06 /* UIViewController+ErrorAlert.swift */; };
		69789C7C222F355300484F06 /* ImageFlowLayout.swift in Sources */ = {isa = PBXBuildFile; fileRef = 69789C7B222F355300484F06 /* ImageFlowLayout.swift */; };
		69789C85222F56DE00484F06 /* LandingViewController.swift in Sources */ = {isa = PBXBuildFile; fileRef = 69789C84222F56DE00484F06 /* LandingViewController.swift */; };
		6992A530222FE42400B704FB /* APIErrors.swift in Sources */ = {isa = PBXBuildFile; fileRef = 6992A52F222FE42400B704FB /* APIErrors.swift */; };
/* End PBXBuildFile section */

/* Begin PBXContainerItemProxy section */
		6966569E222D4E63005F254E /* PBXContainerItemProxy */ = {
			isa = PBXContainerItemProxy;
			containerPortal = 69665681222D4E60005F254E /* Project object */;
			proxyType = 1;
			remoteGlobalIDString = 69665688222D4E60005F254E;
			remoteInfo = Appstronomy;
		};
/* End PBXContainerItemProxy section */

/* Begin PBXFileReference section */
		69665689222D4E60005F254E /* Appstronomy.app */ = {isa = PBXFileReference; explicitFileType = wrapper.application; includeInIndex = 0; path = Appstronomy.app; sourceTree = BUILT_PRODUCTS_DIR; };
		6966568C222D4E60005F254E /* AppDelegate.swift */ = {isa = PBXFileReference; lastKnownFileType = sourcecode.swift; path = AppDelegate.swift; sourceTree = "<group>"; };
		69665691222D4E60005F254E /* Base */ = {isa = PBXFileReference; lastKnownFileType = file.storyboard; name = Base; path = Base.lproj/Main.storyboard; sourceTree = "<group>"; };
		69665693222D4E63005F254E /* Assets.xcassets */ = {isa = PBXFileReference; lastKnownFileType = folder.assetcatalog; path = Assets.xcassets; sourceTree = "<group>"; };
		69665696222D4E63005F254E /* Base */ = {isa = PBXFileReference; lastKnownFileType = file.storyboard; name = Base; path = Base.lproj/LaunchScreen.storyboard; sourceTree = "<group>"; };
		69665698222D4E63005F254E /* Info.plist */ = {isa = PBXFileReference; lastKnownFileType = text.plist.xml; path = Info.plist; sourceTree = "<group>"; };
		6966569D222D4E63005F254E /* AppstronomyTests.xctest */ = {isa = PBXFileReference; explicitFileType = wrapper.cfbundle; includeInIndex = 0; path = AppstronomyTests.xctest; sourceTree = BUILT_PRODUCTS_DIR; };
		696656A1222D4E63005F254E /* AppstronomyTests.swift */ = {isa = PBXFileReference; lastKnownFileType = sourcecode.swift; path = AppstronomyTests.swift; sourceTree = "<group>"; };
		696656A3222D4E63005F254E /* Info.plist */ = {isa = PBXFileReference; lastKnownFileType = text.plist.xml; path = Info.plist; sourceTree = "<group>"; };
		696656BC222E8431005F254E /* Rover.swift */ = {isa = PBXFileReference; lastKnownFileType = sourcecode.swift; path = Rover.swift; sourceTree = "<group>"; };
		696656C8222E9ACE005F254E /* RoverPostcardOptionsController.swift */ = {isa = PBXFileReference; lastKnownFileType = sourcecode.swift; path = RoverPostcardOptionsController.swift; sourceTree = "<group>"; };
		69789C6B222ECADA00484F06 /* AppstronomyUtils.swift */ = {isa = PBXFileReference; lastKnownFileType = sourcecode.swift; path = AppstronomyUtils.swift; sourceTree = "<group>"; };
		69789C6D222ECB1600484F06 /* UIViewController+Gradient.swift */ = {isa = PBXFileReference; lastKnownFileType = sourcecode.swift; path = "UIViewController+Gradient.swift"; sourceTree = "<group>"; };
		69789C6F222ED47C00484F06 /* NASAEndpoint.swift */ = {isa = PBXFileReference; lastKnownFileType = sourcecode.swift; path = NASAEndpoint.swift; sourceTree = "<group>"; };
		69789C71222EE0C500484F06 /* NASAClient.swift */ = {isa = PBXFileReference; lastKnownFileType = sourcecode.swift; path = NASAClient.swift; sourceTree = "<group>"; };
		69789C73222EE0D600484F06 /* APIClient.swift */ = {isa = PBXFileReference; lastKnownFileType = sourcecode.swift; path = APIClient.swift; sourceTree = "<group>"; };
		69789C75222F223500484F06 /* RoverPhotoPickerCollectionView.swift */ = {isa = PBXFileReference; lastKnownFileType = sourcecode.swift; path = RoverPhotoPickerCollectionView.swift; sourceTree = "<group>"; };
		69789C77222F289400484F06 /* ImageCollectionViewCell.swift */ = {isa = PBXFileReference; lastKnownFileType = sourcecode.swift; path = ImageCollectionViewCell.swift; sourceTree = "<group>"; };
		69789C79222F307B00484F06 /* UIViewController+ErrorAlert.swift */ = {isa = PBXFileReference; lastKnownFileType = sourcecode.swift; path = "UIViewController+ErrorAlert.swift"; sourceTree = "<group>"; };
		69789C7B222F355300484F06 /* ImageFlowLayout.swift */ = {isa = PBXFileReference; lastKnownFileType = sourcecode.swift; path = ImageFlowLayout.swift; sourceTree = "<group>"; };
		69789C84222F56DE00484F06 /* LandingViewController.swift */ = {isa = PBXFileReference; lastKnownFileType = sourcecode.swift; path = LandingViewController.swift; sourceTree = "<group>"; };
		6992A52F222FE42400B704FB /* APIErrors.swift */ = {isa = PBXFileReference; lastKnownFileType = sourcecode.swift; path = APIErrors.swift; sourceTree = "<group>"; };
/* End PBXFileReference section */

/* Begin PBXFrameworksBuildPhase section */
		69665686222D4E60005F254E /* Frameworks */ = {
			isa = PBXFrameworksBuildPhase;
			buildActionMask = 2147483647;
			files = (
			);
			runOnlyForDeploymentPostprocessing = 0;
		};
		6966569A222D4E63005F254E /* Frameworks */ = {
			isa = PBXFrameworksBuildPhase;
			buildActionMask = 2147483647;
			files = (
			);
			runOnlyForDeploymentPostprocessing = 0;
		};
/* End PBXFrameworksBuildPhase section */

/* Begin PBXGroup section */
		69665680222D4E60005F254E = {
			isa = PBXGroup;
			children = (
				6966568B222D4E60005F254E /* Appstronomy */,
				696656A0222D4E63005F254E /* AppstronomyTests */,
				6966568A222D4E60005F254E /* Products */,
			);
			sourceTree = "<group>";
		};
		6966568A222D4E60005F254E /* Products */ = {
			isa = PBXGroup;
			children = (
				69665689222D4E60005F254E /* Appstronomy.app */,
				6966569D222D4E63005F254E /* AppstronomyTests.xctest */,
			);
			name = Products;
			sourceTree = "<group>";
		};
		6966568B222D4E60005F254E /* Appstronomy */ = {
			isa = PBXGroup;
			children = (
				6966568C222D4E60005F254E /* AppDelegate.swift */,
				69665698222D4E63005F254E /* Info.plist */,
				69789C84222F56DE00484F06 /* LandingViewController.swift */,
				69789C7E222F430100484F06 /* Rover Postcard Builder */,
				69789C7D222F42F400484F06 /* Networking */,
				69789C83222F439C00484F06 /* User Facing Resources */,
				69789C82222F438700484F06 /* Global Helpers */,
			);
			path = Appstronomy;
			sourceTree = "<group>";
		};
		696656A0222D4E63005F254E /* AppstronomyTests */ = {
			isa = PBXGroup;
			children = (
				696656A1222D4E63005F254E /* AppstronomyTests.swift */,
				696656A3222D4E63005F254E /* Info.plist */,
			);
			path = AppstronomyTests;
			sourceTree = "<group>";
		};
		69789C7D222F42F400484F06 /* Networking */ = {
			isa = PBXGroup;
			children = (
				69789C73222EE0D600484F06 /* APIClient.swift */,
				69789C71222EE0C500484F06 /* NASAClient.swift */,
				69789C6F222ED47C00484F06 /* NASAEndpoint.swift */,
				6992A52F222FE42400B704FB /* APIErrors.swift */,
			);
			path = Networking;
			sourceTree = "<group>";
		};
		69789C7E222F430100484F06 /* Rover Postcard Builder */ = {
			isa = PBXGroup;
			children = (
				69789C7F222F430D00484F06 /* Model */,
				69789C80222F431200484F06 /* View */,
				69789C81222F431600484F06 /* Controller */,
			);
			path = "Rover Postcard Builder";
			sourceTree = "<group>";
		};
		69789C7F222F430D00484F06 /* Model */ = {
			isa = PBXGroup;
			children = (
				696656BC222E8431005F254E /* Rover.swift */,
			);
			path = Model;
			sourceTree = "<group>";
		};
		69789C80222F431200484F06 /* View */ = {
			isa = PBXGroup;
			children = (
				69789C77222F289400484F06 /* ImageCollectionViewCell.swift */,
				69789C7B222F355300484F06 /* ImageFlowLayout.swift */,
			);
			path = View;
			sourceTree = "<group>";
		};
		69789C81222F431600484F06 /* Controller */ = {
			isa = PBXGroup;
			children = (
				696656C8222E9ACE005F254E /* RoverPostcardOptionsController.swift */,
				69789C75222F223500484F06 /* RoverPhotoPickerCollectionView.swift */,
			);
			path = Controller;
			sourceTree = "<group>";
		};
		69789C82222F438700484F06 /* Global Helpers */ = {
			isa = PBXGroup;
			children = (
				69789C6B222ECADA00484F06 /* AppstronomyUtils.swift */,
				69789C6D222ECB1600484F06 /* UIViewController+Gradient.swift */,
				69789C79222F307B00484F06 /* UIViewController+ErrorAlert.swift */,
			);
			path = "Global Helpers";
			sourceTree = "<group>";
		};
		69789C83222F439C00484F06 /* User Facing Resources */ = {
			isa = PBXGroup;
			children = (
				69665690222D4E60005F254E /* Main.storyboard */,
				69665693222D4E63005F254E /* Assets.xcassets */,
				69665695222D4E63005F254E /* LaunchScreen.storyboard */,
			);
			path = "User Facing Resources";
			sourceTree = "<group>";
		};
/* End PBXGroup section */

/* Begin PBXNativeTarget section */
		69665688222D4E60005F254E /* Appstronomy */ = {
			isa = PBXNativeTarget;
			buildConfigurationList = 696656A6222D4E63005F254E /* Build configuration list for PBXNativeTarget "Appstronomy" */;
			buildPhases = (
				69665685222D4E60005F254E /* Sources */,
				69665686222D4E60005F254E /* Frameworks */,
				69665687222D4E60005F254E /* Resources */,
			);
			buildRules = (
			);
			dependencies = (
			);
			name = Appstronomy;
			productName = Appstronomy;
			productReference = 69665689222D4E60005F254E /* Appstronomy.app */;
			productType = "com.apple.product-type.application";
		};
		6966569C222D4E63005F254E /* AppstronomyTests */ = {
			isa = PBXNativeTarget;
			buildConfigurationList = 696656A9222D4E63005F254E /* Build configuration list for PBXNativeTarget "AppstronomyTests" */;
			buildPhases = (
				69665699222D4E63005F254E /* Sources */,
				6966569A222D4E63005F254E /* Frameworks */,
				6966569B222D4E63005F254E /* Resources */,
			);
			buildRules = (
			);
			dependencies = (
				6966569F222D4E63005F254E /* PBXTargetDependency */,
			);
			name = AppstronomyTests;
			productName = AppstronomyTests;
			productReference = 6966569D222D4E63005F254E /* AppstronomyTests.xctest */;
			productType = "com.apple.product-type.bundle.unit-test";
		};
/* End PBXNativeTarget section */

/* Begin PBXProject section */
		69665681222D4E60005F254E /* Project object */ = {
			isa = PBXProject;
			attributes = {
				LastSwiftUpdateCheck = 1010;
				LastUpgradeCheck = 1010;
				ORGANIZATIONNAME = "Stephen McMillan";
				TargetAttributes = {
					69665688222D4E60005F254E = {
						CreatedOnToolsVersion = 10.1;
					};
					6966569C222D4E63005F254E = {
						CreatedOnToolsVersion = 10.1;
						TestTargetID = 69665688222D4E60005F254E;
					};
				};
			};
			buildConfigurationList = 69665684222D4E60005F254E /* Build configuration list for PBXProject "Appstronomy" */;
			compatibilityVersion = "Xcode 9.3";
			developmentRegion = en;
			hasScannedForEncodings = 0;
			knownRegions = (
				en,
				Base,
			);
			mainGroup = 69665680222D4E60005F254E;
			productRefGroup = 6966568A222D4E60005F254E /* Products */;
			projectDirPath = "";
			projectRoot = "";
			targets = (
				69665688222D4E60005F254E /* Appstronomy */,
				6966569C222D4E63005F254E /* AppstronomyTests */,
			);
		};
/* End PBXProject section */

/* Begin PBXResourcesBuildPhase section */
		69665687222D4E60005F254E /* Resources */ = {
			isa = PBXResourcesBuildPhase;
			buildActionMask = 2147483647;
			files = (
				69665697222D4E63005F254E /* LaunchScreen.storyboard in Resources */,
				69665694222D4E63005F254E /* Assets.xcassets in Resources */,
				69665692222D4E60005F254E /* Main.storyboard in Resources */,
			);
			runOnlyForDeploymentPostprocessing = 0;
		};
		6966569B222D4E63005F254E /* Resources */ = {
			isa = PBXResourcesBuildPhase;
			buildActionMask = 2147483647;
			files = (
			);
			runOnlyForDeploymentPostprocessing = 0;
		};
/* End PBXResourcesBuildPhase section */

/* Begin PBXSourcesBuildPhase section */
		69665685222D4E60005F254E /* Sources */ = {
			isa = PBXSourcesBuildPhase;
			buildActionMask = 2147483647;
			files = (
				69789C6E222ECB1600484F06 /* UIViewController+Gradient.swift in Sources */,
				6992A530222FE42400B704FB /* APIErrors.swift in Sources */,
				69789C78222F289400484F06 /* ImageCollectionViewCell.swift in Sources */,
				696656BD222E8431005F254E /* Rover.swift in Sources */,
				69789C7C222F355300484F06 /* ImageFlowLayout.swift in Sources */,
				69789C70222ED47C00484F06 /* NASAEndpoint.swift in Sources */,
				69789C6C222ECADA00484F06 /* AppstronomyUtils.swift in Sources */,
				69789C76222F223500484F06 /* RoverPhotoPickerCollectionView.swift in Sources */,
				69789C7A222F307B00484F06 /* UIViewController+ErrorAlert.swift in Sources */,
				696656C9222E9ACE005F254E /* RoverPostcardOptionsController.swift in Sources */,
				69789C72222EE0C500484F06 /* NASAClient.swift in Sources */,
				6966568D222D4E60005F254E /* AppDelegate.swift in Sources */,
				69789C85222F56DE00484F06 /* LandingViewController.swift in Sources */,
				69789C74222EE0D600484F06 /* APIClient.swift in Sources */,
			);
			runOnlyForDeploymentPostprocessing = 0;
		};
		69665699222D4E63005F254E /* Sources */ = {
			isa = PBXSourcesBuildPhase;
			buildActionMask = 2147483647;
			files = (
				696656A2222D4E63005F254E /* AppstronomyTests.swift in Sources */,
			);
			runOnlyForDeploymentPostprocessing = 0;
		};
/* End PBXSourcesBuildPhase section */

/* Begin PBXTargetDependency section */
		6966569F222D4E63005F254E /* PBXTargetDependency */ = {
			isa = PBXTargetDependency;
			target = 69665688222D4E60005F254E /* Appstronomy */;
			targetProxy = 6966569E222D4E63005F254E /* PBXContainerItemProxy */;
		};
/* End PBXTargetDependency section */

/* Begin PBXVariantGroup section */
		69665690222D4E60005F254E /* Main.storyboard */ = {
			isa = PBXVariantGroup;
			children = (
				69665691222D4E60005F254E /* Base */,
			);
			name = Main.storyboard;
			sourceTree = "<group>";
		};
		69665695222D4E63005F254E /* LaunchScreen.storyboard */ = {
			isa = PBXVariantGroup;
			children = (
				69665696222D4E63005F254E /* Base */,
			);
			name = LaunchScreen.storyboard;
			sourceTree = "<group>";
		};
/* End PBXVariantGroup section */

/* Begin XCBuildConfiguration section */
		696656A4222D4E63005F254E /* Debug */ = {
			isa = XCBuildConfiguration;
			buildSettings = {
				ALWAYS_SEARCH_USER_PATHS = NO;
				CLANG_ANALYZER_NONNULL = YES;
				CLANG_ANALYZER_NUMBER_OBJECT_CONVERSION = YES_AGGRESSIVE;
				CLANG_CXX_LANGUAGE_STANDARD = "gnu++14";
				CLANG_CXX_LIBRARY = "libc++";
				CLANG_ENABLE_MODULES = YES;
				CLANG_ENABLE_OBJC_ARC = YES;
				CLANG_ENABLE_OBJC_WEAK = YES;
				CLANG_WARN_BLOCK_CAPTURE_AUTORELEASING = YES;
				CLANG_WARN_BOOL_CONVERSION = YES;
				CLANG_WARN_COMMA = YES;
				CLANG_WARN_CONSTANT_CONVERSION = YES;
				CLANG_WARN_DEPRECATED_OBJC_IMPLEMENTATIONS = YES;
				CLANG_WARN_DIRECT_OBJC_ISA_USAGE = YES_ERROR;
				CLANG_WARN_DOCUMENTATION_COMMENTS = YES;
				CLANG_WARN_EMPTY_BODY = YES;
				CLANG_WARN_ENUM_CONVERSION = YES;
				CLANG_WARN_INFINITE_RECURSION = YES;
				CLANG_WARN_INT_CONVERSION = YES;
				CLANG_WARN_NON_LITERAL_NULL_CONVERSION = YES;
				CLANG_WARN_OBJC_IMPLICIT_RETAIN_SELF = YES;
				CLANG_WARN_OBJC_LITERAL_CONVERSION = YES;
				CLANG_WARN_OBJC_ROOT_CLASS = YES_ERROR;
				CLANG_WARN_RANGE_LOOP_ANALYSIS = YES;
				CLANG_WARN_STRICT_PROTOTYPES = YES;
				CLANG_WARN_SUSPICIOUS_MOVE = YES;
				CLANG_WARN_UNGUARDED_AVAILABILITY = YES_AGGRESSIVE;
				CLANG_WARN_UNREACHABLE_CODE = YES;
				CLANG_WARN__DUPLICATE_METHOD_MATCH = YES;
				CODE_SIGN_IDENTITY = "iPhone Developer";
				COPY_PHASE_STRIP = NO;
				DEBUG_INFORMATION_FORMAT = dwarf;
				ENABLE_STRICT_OBJC_MSGSEND = YES;
				ENABLE_TESTABILITY = YES;
				GCC_C_LANGUAGE_STANDARD = gnu11;
				GCC_DYNAMIC_NO_PIC = NO;
				GCC_NO_COMMON_BLOCKS = YES;
				GCC_OPTIMIZATION_LEVEL = 0;
				GCC_PREPROCESSOR_DEFINITIONS = (
					"DEBUG=1",
					"$(inherited)",
				);
				GCC_WARN_64_TO_32_BIT_CONVERSION = YES;
				GCC_WARN_ABOUT_RETURN_TYPE = YES_ERROR;
				GCC_WARN_UNDECLARED_SELECTOR = YES;
				GCC_WARN_UNINITIALIZED_AUTOS = YES_AGGRESSIVE;
				GCC_WARN_UNUSED_FUNCTION = YES;
				GCC_WARN_UNUSED_VARIABLE = YES;
				IPHONEOS_DEPLOYMENT_TARGET = 12.1;
				MTL_ENABLE_DEBUG_INFO = INCLUDE_SOURCE;
				MTL_FAST_MATH = YES;
				ONLY_ACTIVE_ARCH = YES;
				SDKROOT = iphoneos;
				SWIFT_ACTIVE_COMPILATION_CONDITIONS = DEBUG;
				SWIFT_OPTIMIZATION_LEVEL = "-Onone";
			};
			name = Debug;
		};
		696656A5222D4E63005F254E /* Release */ = {
			isa = XCBuildConfiguration;
			buildSettings = {
				ALWAYS_SEARCH_USER_PATHS = NO;
				CLANG_ANALYZER_NONNULL = YES;
				CLANG_ANALYZER_NUMBER_OBJECT_CONVERSION = YES_AGGRESSIVE;
				CLANG_CXX_LANGUAGE_STANDARD = "gnu++14";
				CLANG_CXX_LIBRARY = "libc++";
				CLANG_ENABLE_MODULES = YES;
				CLANG_ENABLE_OBJC_ARC = YES;
				CLANG_ENABLE_OBJC_WEAK = YES;
				CLANG_WARN_BLOCK_CAPTURE_AUTORELEASING = YES;
				CLANG_WARN_BOOL_CONVERSION = YES;
				CLANG_WARN_COMMA = YES;
				CLANG_WARN_CONSTANT_CONVERSION = YES;
				CLANG_WARN_DEPRECATED_OBJC_IMPLEMENTATIONS = YES;
				CLANG_WARN_DIRECT_OBJC_ISA_USAGE = YES_ERROR;
				CLANG_WARN_DOCUMENTATION_COMMENTS = YES;
				CLANG_WARN_EMPTY_BODY = YES;
				CLANG_WARN_ENUM_CONVERSION = YES;
				CLANG_WARN_INFINITE_RECURSION = YES;
				CLANG_WARN_INT_CONVERSION = YES;
				CLANG_WARN_NON_LITERAL_NULL_CONVERSION = YES;
				CLANG_WARN_OBJC_IMPLICIT_RETAIN_SELF = YES;
				CLANG_WARN_OBJC_LITERAL_CONVERSION = YES;
				CLANG_WARN_OBJC_ROOT_CLASS = YES_ERROR;
				CLANG_WARN_RANGE_LOOP_ANALYSIS = YES;
				CLANG_WARN_STRICT_PROTOTYPES = YES;
				CLANG_WARN_SUSPICIOUS_MOVE = YES;
				CLANG_WARN_UNGUARDED_AVAILABILITY = YES_AGGRESSIVE;
				CLANG_WARN_UNREACHABLE_CODE = YES;
				CLANG_WARN__DUPLICATE_METHOD_MATCH = YES;
				CODE_SIGN_IDENTITY = "iPhone Developer";
				COPY_PHASE_STRIP = NO;
				DEBUG_INFORMATION_FORMAT = "dwarf-with-dsym";
				ENABLE_NS_ASSERTIONS = NO;
				ENABLE_STRICT_OBJC_MSGSEND = YES;
				GCC_C_LANGUAGE_STANDARD = gnu11;
				GCC_NO_COMMON_BLOCKS = YES;
				GCC_WARN_64_TO_32_BIT_CONVERSION = YES;
				GCC_WARN_ABOUT_RETURN_TYPE = YES_ERROR;
				GCC_WARN_UNDECLARED_SELECTOR = YES;
				GCC_WARN_UNINITIALIZED_AUTOS = YES_AGGRESSIVE;
				GCC_WARN_UNUSED_FUNCTION = YES;
				GCC_WARN_UNUSED_VARIABLE = YES;
				IPHONEOS_DEPLOYMENT_TARGET = 12.1;
				MTL_ENABLE_DEBUG_INFO = NO;
				MTL_FAST_MATH = YES;
				SDKROOT = iphoneos;
				SWIFT_COMPILATION_MODE = wholemodule;
				SWIFT_OPTIMIZATION_LEVEL = "-O";
				VALIDATE_PRODUCT = YES;
			};
			name = Release;
		};
		696656A7222D4E63005F254E /* Debug */ = {
			isa = XCBuildConfiguration;
			buildSettings = {
				ASSETCATALOG_COMPILER_APPICON_NAME = AppIcon;
				CODE_SIGN_STYLE = Automatic;
				DEVELOPMENT_TEAM = LM8XNFK349;
				INFOPLIST_FILE = Appstronomy/Info.plist;
				IPHONEOS_DEPLOYMENT_TARGET = 12.1;
				LD_RUNPATH_SEARCH_PATHS = (
					"$(inherited)",
					"@executable_path/Frameworks",
				);
				PRODUCT_BUNDLE_IDENTIFIER = com.StephenMcMillan.Appstronomy;
				PRODUCT_NAME = "$(TARGET_NAME)";
				SWIFT_VERSION = 4.2;
				TARGETED_DEVICE_FAMILY = 1;
			};
			name = Debug;
		};
		696656A8222D4E63005F254E /* Release */ = {
			isa = XCBuildConfiguration;
			buildSettings = {
				ASSETCATALOG_COMPILER_APPICON_NAME = AppIcon;
				CODE_SIGN_STYLE = Automatic;
				DEVELOPMENT_TEAM = LM8XNFK349;
				INFOPLIST_FILE = Appstronomy/Info.plist;
				IPHONEOS_DEPLOYMENT_TARGET = 12.1;
				LD_RUNPATH_SEARCH_PATHS = (
					"$(inherited)",
					"@executable_path/Frameworks",
				);
				PRODUCT_BUNDLE_IDENTIFIER = com.StephenMcMillan.Appstronomy;
				PRODUCT_NAME = "$(TARGET_NAME)";
				SWIFT_VERSION = 4.2;
				TARGETED_DEVICE_FAMILY = 1;
			};
			name = Release;
		};
		696656AA222D4E63005F254E /* Debug */ = {
			isa = XCBuildConfiguration;
			buildSettings = {
				ALWAYS_EMBED_SWIFT_STANDARD_LIBRARIES = YES;
				BUNDLE_LOADER = "$(TEST_HOST)";
				CODE_SIGN_STYLE = Automatic;
				DEVELOPMENT_TEAM = LM8XNFK349;
				INFOPLIST_FILE = AppstronomyTests/Info.plist;
				LD_RUNPATH_SEARCH_PATHS = (
					"$(inherited)",
					"@executable_path/Frameworks",
					"@loader_path/Frameworks",
				);
				PRODUCT_BUNDLE_IDENTIFIER = com.StephenMcMillan.AppstronomyTests;
				PRODUCT_NAME = "$(TARGET_NAME)";
				SWIFT_VERSION = 4.2;
				TARGETED_DEVICE_FAMILY = "1,2";
				TEST_HOST = "$(BUILT_PRODUCTS_DIR)/Appstronomy.app/Appstronomy";
			};
			name = Debug;
		};
		696656AB222D4E63005F254E /* Release */ = {
			isa = XCBuildConfiguration;
			buildSettings = {
				ALWAYS_EMBED_SWIFT_STANDARD_LIBRARIES = YES;
				BUNDLE_LOADER = "$(TEST_HOST)";
				CODE_SIGN_STYLE = Automatic;
				DEVELOPMENT_TEAM = LM8XNFK349;
				INFOPLIST_FILE = AppstronomyTests/Info.plist;
				LD_RUNPATH_SEARCH_PATHS = (
					"$(inherited)",
					"@executable_path/Frameworks",
					"@loader_path/Frameworks",
				);
				PRODUCT_BUNDLE_IDENTIFIER = com.StephenMcMillan.AppstronomyTests;
				PRODUCT_NAME = "$(TARGET_NAME)";
				SWIFT_VERSION = 4.2;
				TARGETED_DEVICE_FAMILY = "1,2";
				TEST_HOST = "$(BUILT_PRODUCTS_DIR)/Appstronomy.app/Appstronomy";
			};
			name = Release;
		};
/* End XCBuildConfiguration section */

/* Begin XCConfigurationList section */
		69665684222D4E60005F254E /* Build configuration list for PBXProject "Appstronomy" */ = {
			isa = XCConfigurationList;
			buildConfigurations = (
				696656A4222D4E63005F254E /* Debug */,
				696656A5222D4E63005F254E /* Release */,
			);
			defaultConfigurationIsVisible = 0;
			defaultConfigurationName = Release;
		};
		696656A6222D4E63005F254E /* Build configuration list for PBXNativeTarget "Appstronomy" */ = {
			isa = XCConfigurationList;
			buildConfigurations = (
				696656A7222D4E63005F254E /* Debug */,
				696656A8222D4E63005F254E /* Release */,
			);
			defaultConfigurationIsVisible = 0;
			defaultConfigurationName = Release;
		};
		696656A9222D4E63005F254E /* Build configuration list for PBXNativeTarget "AppstronomyTests" */ = {
			isa = XCConfigurationList;
			buildConfigurations = (
				696656AA222D4E63005F254E /* Debug */,
				696656AB222D4E63005F254E /* Release */,
			);
			defaultConfigurationIsVisible = 0;
			defaultConfigurationName = Release;
		};
/* End XCConfigurationList section */
	};
	rootObject = 69665681222D4E60005F254E /* Project object */;
}
